lockfileVersion: '9.0'

settings:
  autoInstallPeers: true
  excludeLinksFromLockfile: false

importers:

  .:
    dependencies:
      json-bigint:
        specifier: ^1.0.0
        version: 1.0.0
    devDependencies:
      '@types/json-bigint':
        specifier: ^1.0.4
        version: 1.0.4
      typescript:
        specifier: ^5.5.4
        version: 5.6.3

packages:

  '@types/json-bigint@1.0.4':
    resolution: {integrity: sha512-ydHooXLbOmxBbubnA7Eh+RpBzuaIiQjh8WGJYQB50JFGFrdxW7JzVlyEV7fAXw0T2sqJ1ysTneJbiyNLqZRAag==}

  bignumber.js@9.1.2:
    resolution: {integrity: sha512-2/mKyZH9K85bzOEfhXDBFZTGd1CTs+5IHpeFQo9luiBG7hghdC851Pj2WAhb6E3R6b9tZj/XKhbg4fum+Kepug==}

  json-bigint@1.0.0:
    resolution: {integrity: sha512-SiPv/8VpZuWbvLSMtTDU8hEfrZWg/mH/nV/b4o0CYbSxu1UIQPLdwKOCIyLQX+VIPO5vrLX3i8qtqFyhdPSUSQ==}

  typescript@5.6.3:
    resolution: {integrity: sha512-hjcS1mhfuyi4WW8IWtjP7brDrG2cuDZukyrYrSauoXGNgx0S7zceP07adYkJycEr56BOUTNPzbInooiN3fn1qw==}
    engines: {node: '>=14.17'}
    hasBin: true

snapshots:

  '@types/json-bigint@1.0.4': {}

  bignumber.js@9.1.2: {}

  json-bigint@1.0.0:
    dependencies:
      bignumber.js: 9.1.2

  typescript@5.6.3: {}
